
Microsoft Visual Studio Solution File, Format Version 12.00
# Visual Studio Version 17
VisualStudioVersion = 17.4.33110.190
MinimumVisualStudioVersion = 10.0.40219.1
Project("{FAE04EC0-301F-11D3-BF4B-00C04F79EFBC}") = "Development_Test_3", "Development_Test_3\Development_Test_3.csproj", "{C2077BBB-E8AF-4447-B6E1-6A7449BAA411}"
EndProject
Global
	GlobalSection(SolutionConfigurationPlatforms) = preSolution
		Debug|Any CPU = Debug|Any CPU
		Release|Any CPU = Release|Any CPU
	EndGlobalSection
	GlobalSection(ProjectConfigurationPlatforms) = postSolution
		{C2077BBB-E8AF-4447-B6E1-6A7449BAA411}.Debug|Any CPU.ActiveCfg = Debug|Any CPU
		{C2077BBB-E8AF-4447-B6E1-6A7449BAA411}.Debug|Any CPU.Build.0 = Debug|Any CPU
		{C2077BBB-E8AF-4447-B6E1-6A7449BAA411}.Release|Any CPU.ActiveCfg = Release|Any CPU
		{C2077BBB-E8AF-4447-B6E1-6A7449BAA411}.Release|Any CPU.Build.0 = Release|Any CPU
	EndGlobalSection
	GlobalSection(SolutionProperties) = preSolution
		HideSolutionNode = FALSE
	EndGlobalSection
	GlobalSection(ExtensibilityGlobals) = postSolution
		SolutionGuid = {E4A0D1C1-C9F1-4A35-8DBD-0CB0A11B8BC8}
	EndGlobalSection
EndGlobal
